
Microsoft Visual Studio Solution File, Format Version 12.00
# Visual Studio 2012
Project("{FAE04EC0-301F-11D3-BF4B-00C04F79EFBC}") = "AerospikeGeoExercises", "AerospikeGeoExercises\AerospikeGeoExercises.csproj", "{3DA3BAC0-77A5-4E17-94D2-BDB54D896E81}"
EndProject
Global
	GlobalSection(SolutionConfigurationPlatforms) = preSolution
		Debug|x86 = Debug|x86
		Release|x86 = Release|x86
	EndGlobalSection
	GlobalSection(ProjectConfigurationPlatforms) = postSolution
		{3DA3BAC0-77A5-4E17-94D2-BDB54D896E81}.Debug|x86.ActiveCfg = Debug|x86
		{3DA3BAC0-77A5-4E17-94D2-BDB54D896E81}.Debug|x86.Build.0 = Debug|x86
		{3DA3BAC0-77A5-4E17-94D2-BDB54D896E81}.Release|x86.ActiveCfg = Release|x86
		{3DA3BAC0-77A5-4E17-94D2-BDB54D896E81}.Release|x86.Build.0 = Release|x86
	EndGlobalSection
EndGlobal
