
Microsoft Visual Studio Solution File, Format Version 12.00
# Visual Studio 2012
Project("{FAE04EC0-301F-11D3-BF4B-00C04F79EFBC}") = "AerospikeLists", "AerospikeLists\AerospikeLists.csproj", "{0C682C76-42EF-46D2-9763-FF8BF9122FAA}"
EndProject
Global
	GlobalSection(SolutionConfigurationPlatforms) = preSolution
		Debug|x86 = Debug|x86
		Release|x86 = Release|x86
	EndGlobalSection
	GlobalSection(ProjectConfigurationPlatforms) = postSolution
		{0C682C76-42EF-46D2-9763-FF8BF9122FAA}.Debug|x86.ActiveCfg = Debug|x86
		{0C682C76-42EF-46D2-9763-FF8BF9122FAA}.Debug|x86.Build.0 = Debug|x86
		{0C682C76-42EF-46D2-9763-FF8BF9122FAA}.Release|x86.ActiveCfg = Release|x86
		{0C682C76-42EF-46D2-9763-FF8BF9122FAA}.Release|x86.Build.0 = Release|x86
	EndGlobalSection
EndGlobal
